
Microsoft Visual Studio Solution File, Format Version 12.00
# Visual Studio Version 16
VisualStudioVersion = 16.0.31005.135
MinimumVisualStudioVersion = 10.0.40219.1
Project("{FAE04EC0-301F-11D3-BF4B-00C04F79EFBC}") = "PMI", "PMI\PMI.csproj", "{6170AA91-BD21-434C-B76E-FCE631E9D000}"
EndProject
Global
	GlobalSection(SolutionConfigurationPlatforms) = preSolution
		Debug|Any CPU = Debug|Any CPU
		Release|Any CPU = Release|Any CPU
	EndGlobalSection
	GlobalSection(ProjectConfigurationPlatforms) = postSolution
		{6170AA91-BD21-434C-B76E-FCE631E9D000}.Debug|Any CPU.ActiveCfg = Debug|Any CPU
		{6170AA91-BD21-434C-B76E-FCE631E9D000}.Debug|Any CPU.Build.0 = Debug|Any CPU
		{6170AA91-BD21-434C-B76E-FCE631E9D000}.Release|Any CPU.ActiveCfg = Release|Any CPU
		{6170AA91-BD21-434C-B76E-FCE631E9D000}.Release|Any CPU.Build.0 = Release|Any CPU
	EndGlobalSection
	GlobalSection(SolutionProperties) = preSolution
		HideSolutionNode = FALSE
	EndGlobalSection
	GlobalSection(ExtensibilityGlobals) = postSolution
		SolutionGuid = {70E629C9-9004-4EAC-A230-C4A535D904B8}
	EndGlobalSection
EndGlobal
